
Microsoft Visual Studio Solution File, Format Version 12.00
# Visual Studio Version 17
VisualStudioVersion = 17.0.31903.59
MinimumVisualStudioVersion = 10.0.40219.1
Project("{2150E333-8FDC-42A3-9474-1A3956D46DE8}") = "src", "src", "{827E0CD3-B72D-47B6-A68D-7590B98EB39B}"
EndProject
Project("{FAE04EC0-301F-11D3-BF4B-00C04F79EFBC}") = "DemoApp", "src\DemoApp\DemoApp.csproj", "{6D51650B-21E4-49BA-A3E7-368EBF8B164E}"
EndProject
Project("{FAE04EC0-301F-11D3-BF4B-00C04F79EFBC}") = "CommercialApp", "src\CommercialApp\CommercialApp.csproj", "{3CD49372-881E-48A0-90FD-D30232AC4E86}"
EndProject
Project("{FAE04EC0-301F-11D3-BF4B-00C04F79EFBC}") = "DemoApp.Tests", "src\DemoApp.Tests\DemoApp.Tests.csproj", "{CA79C568-BA1E-44C4-B15D-5220F7FF8840}"
EndProject
Project("{FAE04EC0-301F-11D3-BF4B-00C04F79EFBC}") = "CommercialApp.Tests", "src\CommercialApp.Tests\CommercialApp.Tests.csproj", "{776D0D31-C245-4E36-B9D9-443FE671E568}"
EndProject
Project("{FAE04EC0-301F-11D3-BF4B-00C04F79EFBC}") = "PlaywrightTests", "src\PlaywrightTests\PlaywrightTests.csproj", "{F674F85D-5D79-42C9-8CCC-0074EC6B481E}"
EndProject
Global
	GlobalSection(SolutionConfigurationPlatforms) = preSolution
		Debug|Any CPU = Debug|Any CPU
		Debug|x64 = Debug|x64
		Debug|x86 = Debug|x86
		Release|Any CPU = Release|Any CPU
		Release|x64 = Release|x64
		Release|x86 = Release|x86
	EndGlobalSection
	GlobalSection(ProjectConfigurationPlatforms) = postSolution
		{6D51650B-21E4-49BA-A3E7-368EBF8B164E}.Debug|Any CPU.ActiveCfg = Debug|Any CPU
		{6D51650B-21E4-49BA-A3E7-368EBF8B164E}.Debug|Any CPU.Build.0 = Debug|Any CPU
		{6D51650B-21E4-49BA-A3E7-368EBF8B164E}.Debug|x64.ActiveCfg = Debug|Any CPU
		{6D51650B-21E4-49BA-A3E7-368EBF8B164E}.Debug|x64.Build.0 = Debug|Any CPU
		{6D51650B-21E4-49BA-A3E7-368EBF8B164E}.Debug|x86.ActiveCfg = Debug|Any CPU
		{6D51650B-21E4-49BA-A3E7-368EBF8B164E}.Debug|x86.Build.0 = Debug|Any CPU
		{6D51650B-21E4-49BA-A3E7-368EBF8B164E}.Release|Any CPU.ActiveCfg = Release|Any CPU
		{6D51650B-21E4-49BA-A3E7-368EBF8B164E}.Release|Any CPU.Build.0 = Release|Any CPU
		{6D51650B-21E4-49BA-A3E7-368EBF8B164E}.Release|x64.ActiveCfg = Release|Any CPU
		{6D51650B-21E4-49BA-A3E7-368EBF8B164E}.Release|x64.Build.0 = Release|Any CPU
		{6D51650B-21E4-49BA-A3E7-368EBF8B164E}.Release|x86.ActiveCfg = Release|Any CPU
		{6D51650B-21E4-49BA-A3E7-368EBF8B164E}.Release|x86.Build.0 = Release|Any CPU
		{3CD49372-881E-48A0-90FD-D30232AC4E86}.Debug|Any CPU.ActiveCfg = Debug|Any CPU
		{3CD49372-881E-48A0-90FD-D30232AC4E86}.Debug|Any CPU.Build.0 = Debug|Any CPU
		{3CD49372-881E-48A0-90FD-D30232AC4E86}.Debug|x64.ActiveCfg = Debug|Any CPU
		{3CD49372-881E-48A0-90FD-D30232AC4E86}.Debug|x64.Build.0 = Debug|Any CPU
		{3CD49372-881E-48A0-90FD-D30232AC4E86}.Debug|x86.ActiveCfg = Debug|Any CPU
		{3CD49372-881E-48A0-90FD-D30232AC4E86}.Debug|x86.Build.0 = Debug|Any CPU
		{3CD49372-881E-48A0-90FD-D30232AC4E86}.Release|Any CPU.ActiveCfg = Release|Any CPU
		{3CD49372-881E-48A0-90FD-D30232AC4E86}.Release|Any CPU.Build.0 = Release|Any CPU
		{3CD49372-881E-48A0-90FD-D30232AC4E86}.Release|x64.ActiveCfg = Release|Any CPU
		{3CD49372-881E-48A0-90FD-D30232AC4E86}.Release|x64.Build.0 = Release|Any CPU
		{3CD49372-881E-48A0-90FD-D30232AC4E86}.Release|x86.ActiveCfg = Release|Any CPU
		{3CD49372-881E-48A0-90FD-D30232AC4E86}.Release|x86.Build.0 = Release|Any CPU
		{CA79C568-BA1E-44C4-B15D-5220F7FF8840}.Debug|Any CPU.ActiveCfg = Debug|Any CPU
		{CA79C568-BA1E-44C4-B15D-5220F7FF8840}.Debug|Any CPU.Build.0 = Debug|Any CPU
		{CA79C568-BA1E-44C4-B15D-5220F7FF8840}.Debug|x64.ActiveCfg = Debug|Any CPU
		{CA79C568-BA1E-44C4-B15D-5220F7FF8840}.Debug|x64.Build.0 = Debug|Any CPU
		{CA79C568-BA1E-44C4-B15D-5220F7FF8840}.Debug|x86.ActiveCfg = Debug|Any CPU
		{CA79C568-BA1E-44C4-B15D-5220F7FF8840}.Debug|x86.Build.0 = Debug|Any CPU
		{CA79C568-BA1E-44C4-B15D-5220F7FF8840}.Release|Any CPU.ActiveCfg = Release|Any CPU
		{CA79C568-BA1E-44C4-B15D-5220F7FF8840}.Release|Any CPU.Build.0 = Release|Any CPU
		{CA79C568-BA1E-44C4-B15D-5220F7FF8840}.Release|x64.ActiveCfg = Release|Any CPU
		{CA79C568-BA1E-44C4-B15D-5220F7FF8840}.Release|x64.Build.0 = Release|Any CPU
		{CA79C568-BA1E-44C4-B15D-5220F7FF8840}.Release|x86.ActiveCfg = Release|Any CPU
		{CA79C568-BA1E-44C4-B15D-5220F7FF8840}.Release|x86.Build.0 = Release|Any CPU
		{776D0D31-C245-4E36-B9D9-443FE671E568}.Debug|Any CPU.ActiveCfg = Debug|Any CPU
		{776D0D31-C245-4E36-B9D9-443FE671E568}.Debug|Any CPU.Build.0 = Debug|Any CPU
		{776D0D31-C245-4E36-B9D9-443FE671E568}.Debug|x64.ActiveCfg = Debug|Any CPU
		{776D0D31-C245-4E36-B9D9-443FE671E568}.Debug|x64.Build.0 = Debug|Any CPU
		{776D0D31-C245-4E36-B9D9-443FE671E568}.Debug|x86.ActiveCfg = Debug|Any CPU
		{776D0D31-C245-4E36-B9D9-443FE671E568}.Debug|x86.Build.0 = Debug|Any CPU
		{776D0D31-C245-4E36-B9D9-443FE671E568}.Release|Any CPU.ActiveCfg = Release|Any CPU
		{776D0D31-C245-4E36-B9D9-443FE671E568}.Release|Any CPU.Build.0 = Release|Any CPU
		{776D0D31-C245-4E36-B9D9-443FE671E568}.Release|x64.ActiveCfg = Release|Any CPU
		{776D0D31-C245-4E36-B9D9-443FE671E568}.Release|x64.Build.0 = Release|Any CPU
		{776D0D31-C245-4E36-B9D9-443FE671E568}.Release|x86.ActiveCfg = Release|Any CPU
		{776D0D31-C245-4E36-B9D9-443FE671E568}.Release|x86.Build.0 = Release|Any CPU
		{F674F85D-5D79-42C9-8CCC-0074EC6B481E}.Debug|Any CPU.ActiveCfg = Debug|Any CPU
		{F674F85D-5D79-42C9-8CCC-0074EC6B481E}.Debug|Any CPU.Build.0 = Debug|Any CPU
		{F674F85D-5D79-42C9-8CCC-0074EC6B481E}.Debug|x64.ActiveCfg = Debug|Any CPU
		{F674F85D-5D79-42C9-8CCC-0074EC6B481E}.Debug|x64.Build.0 = Debug|Any CPU
		{F674F85D-5D79-42C9-8CCC-0074EC6B481E}.Debug|x86.ActiveCfg = Debug|Any CPU
		{F674F85D-5D79-42C9-8CCC-0074EC6B481E}.Debug|x86.Build.0 = Debug|Any CPU
		{F674F85D-5D79-42C9-8CCC-0074EC6B481E}.Release|Any CPU.ActiveCfg = Release|Any CPU
		{F674F85D-5D79-42C9-8CCC-0074EC6B481E}.Release|Any CPU.Build.0 = Release|Any CPU
		{F674F85D-5D79-42C9-8CCC-0074EC6B481E}.Release|x64.ActiveCfg = Release|Any CPU
		{F674F85D-5D79-42C9-8CCC-0074EC6B481E}.Release|x64.Build.0 = Release|Any CPU
		{F674F85D-5D79-42C9-8CCC-0074EC6B481E}.Release|x86.ActiveCfg = Release|Any CPU
		{F674F85D-5D79-42C9-8CCC-0074EC6B481E}.Release|x86.Build.0 = Release|Any CPU
	EndGlobalSection
	GlobalSection(SolutionProperties) = preSolution
		HideSolutionNode = FALSE
	EndGlobalSection
	GlobalSection(NestedProjects) = preSolution
		{6D51650B-21E4-49BA-A3E7-368EBF8B164E} = {827E0CD3-B72D-47B6-A68D-7590B98EB39B}
		{3CD49372-881E-48A0-90FD-D30232AC4E86} = {827E0CD3-B72D-47B6-A68D-7590B98EB39B}
		{CA79C568-BA1E-44C4-B15D-5220F7FF8840} = {827E0CD3-B72D-47B6-A68D-7590B98EB39B}
		{776D0D31-C245-4E36-B9D9-443FE671E568} = {827E0CD3-B72D-47B6-A68D-7590B98EB39B}
		{F674F85D-5D79-42C9-8CCC-0074EC6B481E} = {827E0CD3-B72D-47B6-A68D-7590B98EB39B}
	EndGlobalSection
EndGlobal
